
Microsoft Visual Studio Solution File, Format Version 12.00
# Visual Studio Version 16
VisualStudioVersion = 16.0.30523.141
MinimumVisualStudioVersion = 10.0.40219.1
Project("{FAE04EC0-301F-11D3-BF4B-00C04F79EFBC}") = "TodoLijstLibrary", "TodoLijstLibrary\TodoLijstLibrary.csproj", "{9CD312D7-7E9F-41B6-8243-F6DC8279527E}"
EndProject
Project("{FAE04EC0-301F-11D3-BF4B-00C04F79EFBC}") = "TodoLijstConsoleApp", "TodoLijstConsoleApp\TodoLijstConsoleApp.csproj", "{F7248CF0-C237-40FB-8F87-4A9C1DFC4AAF}"
EndProject
Project("{FAE04EC0-301F-11D3-BF4B-00C04F79EFBC}") = "TodoItemExtensions", "TodoItemExtensions\TodoItemExtensions.csproj", "{586D4B71-0CBF-4CD5-9BBF-235C92CA038F}"
EndProject
Project("{00D1A9C2-B5F0-4AF3-8072-F6C62B433612}") = "TodoDatabase", "TodoDatabase\TodoDatabase.sqlproj", "{5D30B495-89ED-48DE-BAFF-BA2FC320FDD1}"
EndProject
Project("{FAE04EC0-301F-11D3-BF4B-00C04F79EFBC}") = "TodoDataToegang", "TodoDataToegang\TodoDataToegang.csproj", "{13DAF4AD-2D73-411E-BAF9-9770EEAF553B}"
EndProject
Project("{FAE04EC0-301F-11D3-BF4B-00C04F79EFBC}") = "TodoCrudConsoleApp", "TodoCrudConsoleApp\TodoCrudConsoleApp.csproj", "{B0C731EB-14F1-49F7-82B2-814BFFB45C47}"
EndProject
Global
	GlobalSection(SolutionConfigurationPlatforms) = preSolution
		Debug|Any CPU = Debug|Any CPU
		Release|Any CPU = Release|Any CPU
	EndGlobalSection
	GlobalSection(ProjectConfigurationPlatforms) = postSolution
		{9CD312D7-7E9F-41B6-8243-F6DC8279527E}.Debug|Any CPU.ActiveCfg = Debug|Any CPU
		{9CD312D7-7E9F-41B6-8243-F6DC8279527E}.Debug|Any CPU.Build.0 = Debug|Any CPU
		{9CD312D7-7E9F-41B6-8243-F6DC8279527E}.Release|Any CPU.ActiveCfg = Release|Any CPU
		{9CD312D7-7E9F-41B6-8243-F6DC8279527E}.Release|Any CPU.Build.0 = Release|Any CPU
		{F7248CF0-C237-40FB-8F87-4A9C1DFC4AAF}.Debug|Any CPU.ActiveCfg = Debug|Any CPU
		{F7248CF0-C237-40FB-8F87-4A9C1DFC4AAF}.Debug|Any CPU.Build.0 = Debug|Any CPU
		{F7248CF0-C237-40FB-8F87-4A9C1DFC4AAF}.Release|Any CPU.ActiveCfg = Release|Any CPU
		{F7248CF0-C237-40FB-8F87-4A9C1DFC4AAF}.Release|Any CPU.Build.0 = Release|Any CPU
		{586D4B71-0CBF-4CD5-9BBF-235C92CA038F}.Debug|Any CPU.ActiveCfg = Debug|Any CPU
		{586D4B71-0CBF-4CD5-9BBF-235C92CA038F}.Debug|Any CPU.Build.0 = Debug|Any CPU
		{586D4B71-0CBF-4CD5-9BBF-235C92CA038F}.Release|Any CPU.ActiveCfg = Release|Any CPU
		{586D4B71-0CBF-4CD5-9BBF-235C92CA038F}.Release|Any CPU.Build.0 = Release|Any CPU
		{5D30B495-89ED-48DE-BAFF-BA2FC320FDD1}.Debug|Any CPU.ActiveCfg = Debug|Any CPU
		{5D30B495-89ED-48DE-BAFF-BA2FC320FDD1}.Debug|Any CPU.Build.0 = Debug|Any CPU
		{5D30B495-89ED-48DE-BAFF-BA2FC320FDD1}.Debug|Any CPU.Deploy.0 = Debug|Any CPU
		{5D30B495-89ED-48DE-BAFF-BA2FC320FDD1}.Release|Any CPU.ActiveCfg = Release|Any CPU
		{5D30B495-89ED-48DE-BAFF-BA2FC320FDD1}.Release|Any CPU.Build.0 = Release|Any CPU
		{5D30B495-89ED-48DE-BAFF-BA2FC320FDD1}.Release|Any CPU.Deploy.0 = Release|Any CPU
		{13DAF4AD-2D73-411E-BAF9-9770EEAF553B}.Debug|Any CPU.ActiveCfg = Debug|Any CPU
		{13DAF4AD-2D73-411E-BAF9-9770EEAF553B}.Debug|Any CPU.Build.0 = Debug|Any CPU
		{13DAF4AD-2D73-411E-BAF9-9770EEAF553B}.Release|Any CPU.ActiveCfg = Release|Any CPU
		{13DAF4AD-2D73-411E-BAF9-9770EEAF553B}.Release|Any CPU.Build.0 = Release|Any CPU
		{B0C731EB-14F1-49F7-82B2-814BFFB45C47}.Debug|Any CPU.ActiveCfg = Debug|Any CPU
		{B0C731EB-14F1-49F7-82B2-814BFFB45C47}.Debug|Any CPU.Build.0 = Debug|Any CPU
		{B0C731EB-14F1-49F7-82B2-814BFFB45C47}.Release|Any CPU.ActiveCfg = Release|Any CPU
		{B0C731EB-14F1-49F7-82B2-814BFFB45C47}.Release|Any CPU.Build.0 = Release|Any CPU
	EndGlobalSection
	GlobalSection(SolutionProperties) = preSolution
		HideSolutionNode = FALSE
	EndGlobalSection
	GlobalSection(ExtensibilityGlobals) = postSolution
		SolutionGuid = {8C89052A-72E2-45DB-945A-9976F319CF4C}
	EndGlobalSection
EndGlobal
