
Microsoft Visual Studio Solution File, Format Version 12.00
# Visual Studio Version 16
VisualStudioVersion = 16.0.30413.136
MinimumVisualStudioVersion = 10.0.40219.1
Project("{FAE04EC0-301F-11D3-BF4B-00C04F79EFBC}") = "Rosetta", "Rosetta\Rosetta.csproj", "{FEC8B3D4-A261-42BF-BC96-6A1BD0DFE173}"
EndProject
Global
	GlobalSection(SolutionConfigurationPlatforms) = preSolution
		Debug|Any CPU = Debug|Any CPU
		Release|Any CPU = Release|Any CPU
	EndGlobalSection
	GlobalSection(ProjectConfigurationPlatforms) = postSolution
		{FEC8B3D4-A261-42BF-BC96-6A1BD0DFE173}.Debug|Any CPU.ActiveCfg = Debug|Any CPU
		{FEC8B3D4-A261-42BF-BC96-6A1BD0DFE173}.Debug|Any CPU.Build.0 = Debug|Any CPU
		{FEC8B3D4-A261-42BF-BC96-6A1BD0DFE173}.Release|Any CPU.ActiveCfg = Release|Any CPU
		{FEC8B3D4-A261-42BF-BC96-6A1BD0DFE173}.Release|Any CPU.Build.0 = Release|Any CPU
	EndGlobalSection
	GlobalSection(SolutionProperties) = preSolution
		HideSolutionNode = FALSE
	EndGlobalSection
	GlobalSection(ExtensibilityGlobals) = postSolution
		SolutionGuid = {1F0635CB-DF99-4FC2-8DF2-CD714D1893B6}
	EndGlobalSection
EndGlobal
